// !$*UTF8*$!
{
	archiveVersion = 1;
	classes = {
	};
	objectVersion = 46;
	objects = {

/* Begin PBXBuildFile section */
		5096639E1BB6D35200AE987E /* AppDelegate.swift in Sources */ = {isa = PBXBuildFile; fileRef = 5096639D1BB6D35200AE987E /* AppDelegate.swift */; };
		509663A01BB6D35200AE987E /* ViewController.swift in Sources */ = {isa = PBXBuildFile; fileRef = 5096639F1BB6D35200AE987E /* ViewController.swift */; };
		509663A31BB6D35200AE987E /* Main.storyboard in Resources */ = {isa = PBXBuildFile; fileRef = 509663A11BB6D35200AE987E /* Main.storyboard */; };
		509663A51BB6D35200AE987E /* Assets.xcassets in Resources */ = {isa = PBXBuildFile; fileRef = 509663A41BB6D35200AE987E /* Assets.xcassets */; };
		509663A81BB6D35200AE987E /* LaunchScreen.storyboard in Resources */ = {isa = PBXBuildFile; fileRef = 509663A61BB6D35200AE987E /* LaunchScreen.storyboard */; };
		509663B31BB6D35200AE987E /* P2PayTests.swift in Sources */ = {isa = PBXBuildFile; fileRef = 509663B21BB6D35200AE987E /* P2PayTests.swift */; };
		509663BE1BB6D35200AE987E /* P2PayUITests.swift in Sources */ = {isa = PBXBuildFile; fileRef = 509663BD1BB6D35200AE987E /* P2PayUITests.swift */; };
		509663DB1BB6D9E600AE987E /* P2PKit.framework in Frameworks */ = {isa = PBXBuildFile; fileRef = 509663DA1BB6D9E600AE987E /* P2PKit.framework */; settings = {ASSET_TAGS = (); }; };
		509663DE1BB6DB1800AE987E /* CoreBluetooth.framework in Frameworks */ = {isa = PBXBuildFile; fileRef = 509663DD1BB6DB1800AE987E /* CoreBluetooth.framework */; };
		509663E01BB6DB1D00AE987E /* CoreLocation.framework in Frameworks */ = {isa = PBXBuildFile; fileRef = 509663DF1BB6DB1D00AE987E /* CoreLocation.framework */; };
		509663E21BB6DB2B00AE987E /* CFNetwork.framework in Frameworks */ = {isa = PBXBuildFile; fileRef = 509663E11BB6DB2B00AE987E /* CFNetwork.framework */; };
		509663E41BB6DB3100AE987E /* Security.framework in Frameworks */ = {isa = PBXBuildFile; fileRef = 509663E31BB6DB3100AE987E /* Security.framework */; };
		509663E61BB6DB3900AE987E /* Foundation.framework in Frameworks */ = {isa = PBXBuildFile; fileRef = 509663E51BB6DB3900AE987E /* Foundation.framework */; };
		509663E81BB6DB4500AE987E /* libicucore.tbd in Frameworks */ = {isa = PBXBuildFile; fileRef = 509663E71BB6DB4500AE987E /* libicucore.tbd */; };
		509663EC1BB7165300AE987E /* FBSDKCoreKit.framework in Frameworks */ = {isa = PBXBuildFile; fileRef = 509663EB1BB7165300AE987E /* FBSDKCoreKit.framework */; settings = {ASSET_TAGS = (); }; };
		509663EE1BB7181800AE987E /* FBSDKLoginKit.framework in Frameworks */ = {isa = PBXBuildFile; fileRef = 509663ED1BB7181800AE987E /* FBSDKLoginKit.framework */; settings = {ASSET_TAGS = (); }; };
		A650A60F1BB6DD1A005288FA /* P2PayClient.swift in Sources */ = {isa = PBXBuildFile; fileRef = A650A60E1BB6DD1A005288FA /* P2PayClient.swift */; settings = {ASSET_TAGS = (); }; };
		A650A6121BB6DDF6005288FA /* PaymentResponse.swift in Sources */ = {isa = PBXBuildFile; fileRef = A650A6111BB6DDF6005288FA /* PaymentResponse.swift */; settings = {ASSET_TAGS = (); }; };
		A650A6161BB6F48C005288FA /* Typeable.swift in Sources */ = {isa = PBXBuildFile; fileRef = A650A6151BB6F48C005288FA /* Typeable.swift */; settings = {ASSET_TAGS = (); }; };
		A650A61A1BB722A4005288FA /* LoginViewController.swift in Sources */ = {isa = PBXBuildFile; fileRef = A650A6191BB722A4005288FA /* LoginViewController.swift */; settings = {ASSET_TAGS = (); }; };
		A6BD0F221BB6D5BB00B78627 /* User.swift in Sources */ = {isa = PBXBuildFile; fileRef = A6BD0F211BB6D5BB00B78627 /* User.swift */; settings = {ASSET_TAGS = (); }; };
		A6BD0F241BB6D5CD00B78627 /* POS.swift in Sources */ = {isa = PBXBuildFile; fileRef = A6BD0F231BB6D5CD00B78627 /* POS.swift */; settings = {ASSET_TAGS = (); }; };
		A6BD0F261BB6D5F400B78627 /* Coupon.swift in Sources */ = {isa = PBXBuildFile; fileRef = A6BD0F251BB6D5F400B78627 /* Coupon.swift */; settings = {ASSET_TAGS = (); }; };
		A6BD0F281BB6D61A00B78627 /* PaymentRequest.swift in Sources */ = {isa = PBXBuildFile; fileRef = A6BD0F271BB6D61A00B78627 /* PaymentRequest.swift */; settings = {ASSET_TAGS = (); }; };
/* End PBXBuildFile section */

/* Begin PBXContainerItemProxy section */
		509663AF1BB6D35200AE987E /* PBXContainerItemProxy */ = {
			isa = PBXContainerItemProxy;
			containerPortal = 509663921BB6D35200AE987E /* Project object */;
			proxyType = 1;
			remoteGlobalIDString = 509663991BB6D35200AE987E;
			remoteInfo = P2Pay;
		};
		509663BA1BB6D35200AE987E /* PBXContainerItemProxy */ = {
			isa = PBXContainerItemProxy;
			containerPortal = 509663921BB6D35200AE987E /* Project object */;
			proxyType = 1;
			remoteGlobalIDString = 509663991BB6D35200AE987E;
			remoteInfo = P2Pay;
		};
/* End PBXContainerItemProxy section */

/* Begin PBXFileReference section */
		5096639A1BB6D35200AE987E /* P2Pay.app */ = {isa = PBXFileReference; explicitFileType = wrapper.application; includeInIndex = 0; path = P2Pay.app; sourceTree = BUILT_PRODUCTS_DIR; };
		5096639D1BB6D35200AE987E /* AppDelegate.swift */ = {isa = PBXFileReference; lastKnownFileType = sourcecode.swift; path = AppDelegate.swift; sourceTree = "<group>"; };
		5096639F1BB6D35200AE987E /* ViewController.swift */ = {isa = PBXFileReference; lastKnownFileType = sourcecode.swift; path = ViewController.swift; sourceTree = "<group>"; };
		509663A21BB6D35200AE987E /* Base */ = {isa = PBXFileReference; lastKnownFileType = file.storyboard; name = Base; path = Base.lproj/Main.storyboard; sourceTree = "<group>"; };
		509663A41BB6D35200AE987E /* Assets.xcassets */ = {isa = PBXFileReference; lastKnownFileType = folder.assetcatalog; path = Assets.xcassets; sourceTree = "<group>"; };
		509663A71BB6D35200AE987E /* Base */ = {isa = PBXFileReference; lastKnownFileType = file.storyboard; name = Base; path = Base.lproj/LaunchScreen.storyboard; sourceTree = "<group>"; };
		509663A91BB6D35200AE987E /* Info.plist */ = {isa = PBXFileReference; lastKnownFileType = text.plist.xml; path = Info.plist; sourceTree = "<group>"; };
		509663AE1BB6D35200AE987E /* P2PayTests.xctest */ = {isa = PBXFileReference; explicitFileType = wrapper.cfbundle; includeInIndex = 0; path = P2PayTests.xctest; sourceTree = BUILT_PRODUCTS_DIR; };
		509663B21BB6D35200AE987E /* P2PayTests.swift */ = {isa = PBXFileReference; lastKnownFileType = sourcecode.swift; path = P2PayTests.swift; sourceTree = "<group>"; };
		509663B41BB6D35200AE987E /* Info.plist */ = {isa = PBXFileReference; lastKnownFileType = text.plist.xml; path = Info.plist; sourceTree = "<group>"; };
		509663B91BB6D35200AE987E /* P2PayUITests.xctest */ = {isa = PBXFileReference; explicitFileType = wrapper.cfbundle; includeInIndex = 0; path = P2PayUITests.xctest; sourceTree = BUILT_PRODUCTS_DIR; };
		509663BD1BB6D35200AE987E /* P2PayUITests.swift */ = {isa = PBXFileReference; lastKnownFileType = sourcecode.swift; path = P2PayUITests.swift; sourceTree = "<group>"; };
		509663BF1BB6D35200AE987E /* Info.plist */ = {isa = PBXFileReference; lastKnownFileType = text.plist.xml; path = Info.plist; sourceTree = "<group>"; };
		509663DA1BB6D9E600AE987E /* P2PKit.framework */ = {isa = PBXFileReference; lastKnownFileType = wrapper.framework; path = P2PKit.framework; sourceTree = "<group>"; };
		509663DC1BB6DA4700AE987E /* P2Pay-Bridging-Header.h */ = {isa = PBXFileReference; fileEncoding = 4; lastKnownFileType = sourcecode.c.h; path = "P2Pay-Bridging-Header.h"; sourceTree = "<group>"; };
		509663DD1BB6DB1800AE987E /* CoreBluetooth.framework */ = {isa = PBXFileReference; lastKnownFileType = wrapper.framework; name = CoreBluetooth.framework; path = System/Library/Frameworks/CoreBluetooth.framework; sourceTree = SDKROOT; };
		509663DF1BB6DB1D00AE987E /* CoreLocation.framework */ = {isa = PBXFileReference; lastKnownFileType = wrapper.framework; name = CoreLocation.framework; path = System/Library/Frameworks/CoreLocation.framework; sourceTree = SDKROOT; };
		509663E11BB6DB2B00AE987E /* CFNetwork.framework */ = {isa = PBXFileReference; lastKnownFileType = wrapper.framework; name = CFNetwork.framework; path = System/Library/Frameworks/CFNetwork.framework; sourceTree = SDKROOT; };
		509663E31BB6DB3100AE987E /* Security.framework */ = {isa = PBXFileReference; lastKnownFileType = wrapper.framework; name = Security.framework; path = System/Library/Frameworks/Security.framework; sourceTree = SDKROOT; };
		509663E51BB6DB3900AE987E /* Foundation.framework */ = {isa = PBXFileReference; lastKnownFileType = wrapper.framework; name = Foundation.framework; path = System/Library/Frameworks/Foundation.framework; sourceTree = SDKROOT; };
		509663E71BB6DB4500AE987E /* libicucore.tbd */ = {isa = PBXFileReference; lastKnownFileType = "sourcecode.text-based-dylib-definition"; name = libicucore.tbd; path = usr/lib/libicucore.tbd; sourceTree = SDKROOT; };
		509663EB1BB7165300AE987E /* FBSDKCoreKit.framework */ = {isa = PBXFileReference; lastKnownFileType = wrapper.framework; name = FBSDKCoreKit.framework; path = P2Pay/FBSDKCoreKit.framework; sourceTree = "<group>"; };
		509663ED1BB7181800AE987E /* FBSDKLoginKit.framework */ = {isa = PBXFileReference; lastKnownFileType = wrapper.framework; name = FBSDKLoginKit.framework; path = P2Pay/FBSDKLoginKit.framework; sourceTree = "<group>"; };
		A650A60E1BB6DD1A005288FA /* P2PayClient.swift */ = {isa = PBXFileReference; fileEncoding = 4; lastKnownFileType = sourcecode.swift; path = P2PayClient.swift; sourceTree = "<group>"; };
		A650A6111BB6DDF6005288FA /* PaymentResponse.swift */ = {isa = PBXFileReference; fileEncoding = 4; lastKnownFileType = sourcecode.swift; path = PaymentResponse.swift; sourceTree = "<group>"; };
		A650A6151BB6F48C005288FA /* Typeable.swift */ = {isa = PBXFileReference; fileEncoding = 4; lastKnownFileType = sourcecode.swift; path = Typeable.swift; sourceTree = "<group>"; };
		A650A6191BB722A4005288FA /* LoginViewController.swift */ = {isa = PBXFileReference; fileEncoding = 4; lastKnownFileType = sourcecode.swift; path = LoginViewController.swift; sourceTree = "<group>"; };
		A6BD0F211BB6D5BB00B78627 /* User.swift */ = {isa = PBXFileReference; fileEncoding = 4; lastKnownFileType = sourcecode.swift; path = User.swift; sourceTree = "<group>"; };
		A6BD0F231BB6D5CD00B78627 /* POS.swift */ = {isa = PBXFileReference; fileEncoding = 4; lastKnownFileType = sourcecode.swift; path = POS.swift; sourceTree = "<group>"; };
		A6BD0F251BB6D5F400B78627 /* Coupon.swift */ = {isa = PBXFileReference; fileEncoding = 4; lastKnownFileType = sourcecode.swift; path = Coupon.swift; sourceTree = "<group>"; };
		A6BD0F271BB6D61A00B78627 /* PaymentRequest.swift */ = {isa = PBXFileReference; fileEncoding = 4; lastKnownFileType = sourcecode.swift; path = PaymentRequest.swift; sourceTree = "<group>"; };
/* End PBXFileReference section */

/* Begin PBXFrameworksBuildPhase section */
		509663971BB6D35200AE987E /* Frameworks */ = {
			isa = PBXFrameworksBuildPhase;
			buildActionMask = 2147483647;
			files = (
				509663E81BB6DB4500AE987E /* libicucore.tbd in Frameworks */,
				509663E61BB6DB3900AE987E /* Foundation.framework in Frameworks */,
				509663EE1BB7181800AE987E /* FBSDKLoginKit.framework in Frameworks */,
				509663E41BB6DB3100AE987E /* Security.framework in Frameworks */,
				509663E21BB6DB2B00AE987E /* CFNetwork.framework in Frameworks */,
				509663E01BB6DB1D00AE987E /* CoreLocation.framework in Frameworks */,
				509663EC1BB7165300AE987E /* FBSDKCoreKit.framework in Frameworks */,
				509663DE1BB6DB1800AE987E /* CoreBluetooth.framework in Frameworks */,
				509663DB1BB6D9E600AE987E /* P2PKit.framework in Frameworks */,
			);
			runOnlyForDeploymentPostprocessing = 0;
		};
		509663AB1BB6D35200AE987E /* Frameworks */ = {
			isa = PBXFrameworksBuildPhase;
			buildActionMask = 2147483647;
			files = (
			);
			runOnlyForDeploymentPostprocessing = 0;
		};
		509663B61BB6D35200AE987E /* Frameworks */ = {
			isa = PBXFrameworksBuildPhase;
			buildActionMask = 2147483647;
			files = (
			);
			runOnlyForDeploymentPostprocessing = 0;
		};
/* End PBXFrameworksBuildPhase section */

/* Begin PBXGroup section */
		509663911BB6D35200AE987E = {
			isa = PBXGroup;
			children = (
				509663E71BB6DB4500AE987E /* libicucore.tbd */,
				509663E51BB6DB3900AE987E /* Foundation.framework */,
				509663E31BB6DB3100AE987E /* Security.framework */,
				509663E11BB6DB2B00AE987E /* CFNetwork.framework */,
				509663DF1BB6DB1D00AE987E /* CoreLocation.framework */,
				509663DD1BB6DB1800AE987E /* CoreBluetooth.framework */,
				509663DA1BB6D9E600AE987E /* P2PKit.framework */,
				509663EB1BB7165300AE987E /* FBSDKCoreKit.framework */,
				509663ED1BB7181800AE987E /* FBSDKLoginKit.framework */,
				A650A6101BB6DD21005288FA /* Client */,
				5096639C1BB6D35200AE987E /* P2Pay */,
				509663B11BB6D35200AE987E /* P2PayTests */,
				509663BC1BB6D35200AE987E /* P2PayUITests */,
				5096639B1BB6D35200AE987E /* Products */,
			);
			sourceTree = "<group>";
		};
		5096639B1BB6D35200AE987E /* Products */ = {
			isa = PBXGroup;
			children = (
				5096639A1BB6D35200AE987E /* P2Pay.app */,
				509663AE1BB6D35200AE987E /* P2PayTests.xctest */,
				509663B91BB6D35200AE987E /* P2PayUITests.xctest */,
			);
			name = Products;
			sourceTree = "<group>";
		};
		5096639C1BB6D35200AE987E /* P2Pay */ = {
			isa = PBXGroup;
			children = (
				5096639D1BB6D35200AE987E /* AppDelegate.swift */,
				5096639F1BB6D35200AE987E /* ViewController.swift */,
				509663A11BB6D35200AE987E /* Main.storyboard */,
				509663A41BB6D35200AE987E /* Assets.xcassets */,
				509663A61BB6D35200AE987E /* LaunchScreen.storyboard */,
				509663A91BB6D35200AE987E /* Info.plist */,
				509663DC1BB6DA4700AE987E /* P2Pay-Bridging-Header.h */,
				A650A6191BB722A4005288FA /* LoginViewController.swift */,
			);
			path = P2Pay;
			sourceTree = "<group>";
		};
		509663B11BB6D35200AE987E /* P2PayTests */ = {
			isa = PBXGroup;
			children = (
				509663B21BB6D35200AE987E /* P2PayTests.swift */,
				509663B41BB6D35200AE987E /* Info.plist */,
			);
			path = P2PayTests;
			sourceTree = "<group>";
		};
		509663BC1BB6D35200AE987E /* P2PayUITests */ = {
			isa = PBXGroup;
			children = (
				509663BD1BB6D35200AE987E /* P2PayUITests.swift */,
				509663BF1BB6D35200AE987E /* Info.plist */,
			);
			path = P2PayUITests;
			sourceTree = "<group>";
		};
		A650A6101BB6DD21005288FA /* Client */ = {
			isa = PBXGroup;
			children = (
				A650A60E1BB6DD1A005288FA /* P2PayClient.swift */,
				A6BD0F201BB6D59E00B78627 /* Model */,
			);
			name = Client;
			path = P2Pay;
			sourceTree = "<group>";
		};
		A6BD0F201BB6D59E00B78627 /* Model */ = {
			isa = PBXGroup;
			children = (
				A6BD0F211BB6D5BB00B78627 /* User.swift */,
				A6BD0F231BB6D5CD00B78627 /* POS.swift */,
				A6BD0F251BB6D5F400B78627 /* Coupon.swift */,
				A6BD0F271BB6D61A00B78627 /* PaymentRequest.swift */,
				A650A6111BB6DDF6005288FA /* PaymentResponse.swift */,
				A650A6151BB6F48C005288FA /* Typeable.swift */,
			);
			name = Model;
			sourceTree = "<group>";
		};
/* End PBXGroup section */

/* Begin PBXNativeTarget section */
		509663991BB6D35200AE987E /* P2Pay */ = {
			isa = PBXNativeTarget;
			buildConfigurationList = 509663C21BB6D35200AE987E /* Build configuration list for PBXNativeTarget "P2Pay" */;
			buildPhases = (
				509663961BB6D35200AE987E /* Sources */,
				509663971BB6D35200AE987E /* Frameworks */,
				509663981BB6D35200AE987E /* Resources */,
			);
			buildRules = (
			);
			dependencies = (
			);
			name = P2Pay;
			productName = P2Pay;
			productReference = 5096639A1BB6D35200AE987E /* P2Pay.app */;
			productType = "com.apple.product-type.application";
		};
		509663AD1BB6D35200AE987E /* P2PayTests */ = {
			isa = PBXNativeTarget;
			buildConfigurationList = 509663C51BB6D35200AE987E /* Build configuration list for PBXNativeTarget "P2PayTests" */;
			buildPhases = (
				509663AA1BB6D35200AE987E /* Sources */,
				509663AB1BB6D35200AE987E /* Frameworks */,
				509663AC1BB6D35200AE987E /* Resources */,
			);
			buildRules = (
			);
			dependencies = (
				509663B01BB6D35200AE987E /* PBXTargetDependency */,
			);
			name = P2PayTests;
			productName = P2PayTests;
			productReference = 509663AE1BB6D35200AE987E /* P2PayTests.xctest */;
			productType = "com.apple.product-type.bundle.unit-test";
		};
		509663B81BB6D35200AE987E /* P2PayUITests */ = {
			isa = PBXNativeTarget;
			buildConfigurationList = 509663C81BB6D35200AE987E /* Build configuration list for PBXNativeTarget "P2PayUITests" */;
			buildPhases = (
				509663B51BB6D35200AE987E /* Sources */,
				509663B61BB6D35200AE987E /* Frameworks */,
				509663B71BB6D35200AE987E /* Resources */,
			);
			buildRules = (
			);
			dependencies = (
				509663BB1BB6D35200AE987E /* PBXTargetDependency */,
			);
			name = P2PayUITests;
			productName = P2PayUITests;
			productReference = 509663B91BB6D35200AE987E /* P2PayUITests.xctest */;
			productType = "com.apple.product-type.bundle.ui-testing";
		};
/* End PBXNativeTarget section */

/* Begin PBXProject section */
		509663921BB6D35200AE987E /* Project object */ = {
			isa = PBXProject;
			attributes = {
				LastSwiftUpdateCheck = 0710;
				LastUpgradeCheck = 0700;
				ORGANIZATIONNAME = "Bilal Karim Reffas";
				TargetAttributes = {
					509663991BB6D35200AE987E = {
						CreatedOnToolsVersion = 7.0;
					};
					509663AD1BB6D35200AE987E = {
						CreatedOnToolsVersion = 7.0;
						TestTargetID = 509663991BB6D35200AE987E;
					};
					509663B81BB6D35200AE987E = {
						CreatedOnToolsVersion = 7.0;
						TestTargetID = 509663991BB6D35200AE987E;
					};
				};
			};
			buildConfigurationList = 509663951BB6D35200AE987E /* Build configuration list for PBXProject "P2Pay" */;
			compatibilityVersion = "Xcode 3.2";
			developmentRegion = English;
			hasScannedForEncodings = 0;
			knownRegions = (
				en,
				Base,
			);
			mainGroup = 509663911BB6D35200AE987E;
			productRefGroup = 5096639B1BB6D35200AE987E /* Products */;
			projectDirPath = "";
			projectRoot = "";
			targets = (
				509663991BB6D35200AE987E /* P2Pay */,
				509663AD1BB6D35200AE987E /* P2PayTests */,
				509663B81BB6D35200AE987E /* P2PayUITests */,
			);
		};
/* End PBXProject section */

/* Begin PBXResourcesBuildPhase section */
		509663981BB6D35200AE987E /* Resources */ = {
			isa = PBXResourcesBuildPhase;
			buildActionMask = 2147483647;
			files = (
				509663A81BB6D35200AE987E /* LaunchScreen.storyboard in Resources */,
				509663A51BB6D35200AE987E /* Assets.xcassets in Resources */,
				509663A31BB6D35200AE987E /* Main.storyboard in Resources */,
			);
			runOnlyForDeploymentPostprocessing = 0;
		};
		509663AC1BB6D35200AE987E /* Resources */ = {
			isa = PBXResourcesBuildPhase;
			buildActionMask = 2147483647;
			files = (
			);
			runOnlyForDeploymentPostprocessing = 0;
		};
		509663B71BB6D35200AE987E /* Resources */ = {
			isa = PBXResourcesBuildPhase;
			buildActionMask = 2147483647;
			files = (
			);
			runOnlyForDeploymentPostprocessing = 0;
		};
/* End PBXResourcesBuildPhase section */

/* Begin PBXSourcesBuildPhase section */
		509663961BB6D35200AE987E /* Sources */ = {
			isa = PBXSourcesBuildPhase;
			buildActionMask = 2147483647;
			files = (
				A6BD0F281BB6D61A00B78627 /* PaymentRequest.swift in Sources */,
				A650A6161BB6F48C005288FA /* Typeable.swift in Sources */,
				A6BD0F261BB6D5F400B78627 /* Coupon.swift in Sources */,
				509663A01BB6D35200AE987E /* ViewController.swift in Sources */,
				A650A60F1BB6DD1A005288FA /* P2PayClient.swift in Sources */,
				5096639E1BB6D35200AE987E /* AppDelegate.swift in Sources */,
				A6BD0F241BB6D5CD00B78627 /* POS.swift in Sources */,
				A650A6121BB6DDF6005288FA /* PaymentResponse.swift in Sources */,
				A650A61A1BB722A4005288FA /* LoginViewController.swift in Sources */,
				A6BD0F221BB6D5BB00B78627 /* User.swift in Sources */,
			);
			runOnlyForDeploymentPostprocessing = 0;
		};
		509663AA1BB6D35200AE987E /* Sources */ = {
			isa = PBXSourcesBuildPhase;
			buildActionMask = 2147483647;
			files = (
				509663B31BB6D35200AE987E /* P2PayTests.swift in Sources */,
			);
			runOnlyForDeploymentPostprocessing = 0;
		};
		509663B51BB6D35200AE987E /* Sources */ = {
			isa = PBXSourcesBuildPhase;
			buildActionMask = 2147483647;
			files = (
				509663BE1BB6D35200AE987E /* P2PayUITests.swift in Sources */,
			);
			runOnlyForDeploymentPostprocessing = 0;
		};
/* End PBXSourcesBuildPhase section */

/* Begin PBXTargetDependency section */
		509663B01BB6D35200AE987E /* PBXTargetDependency */ = {
			isa = PBXTargetDependency;
			target = 509663991BB6D35200AE987E /* P2Pay */;
			targetProxy = 509663AF1BB6D35200AE987E /* PBXContainerItemProxy */;
		};
		509663BB1BB6D35200AE987E /* PBXTargetDependency */ = {
			isa = PBXTargetDependency;
			target = 509663991BB6D35200AE987E /* P2Pay */;
			targetProxy = 509663BA1BB6D35200AE987E /* PBXContainerItemProxy */;
		};
/* End PBXTargetDependency section */

/* Begin PBXVariantGroup section */
		509663A11BB6D35200AE987E /* Main.storyboard */ = {
			isa = PBXVariantGroup;
			children = (
				509663A21BB6D35200AE987E /* Base */,
			);
			name = Main.storyboard;
			sourceTree = "<group>";
		};
		509663A61BB6D35200AE987E /* LaunchScreen.storyboard */ = {
			isa = PBXVariantGroup;
			children = (
				509663A71BB6D35200AE987E /* Base */,
			);
			name = LaunchScreen.storyboard;
			sourceTree = "<group>";
		};
/* End PBXVariantGroup section */

/* Begin XCBuildConfiguration section */
		509663C01BB6D35200AE987E /* Debug */ = {
			isa = XCBuildConfiguration;
			buildSettings = {
				ALWAYS_SEARCH_USER_PATHS = NO;
				CLANG_CXX_LANGUAGE_STANDARD = "gnu++0x";
				CLANG_CXX_LIBRARY = "libc++";
				CLANG_ENABLE_MODULES = YES;
				CLANG_ENABLE_OBJC_ARC = YES;
				CLANG_WARN_BOOL_CONVERSION = YES;
				CLANG_WARN_CONSTANT_CONVERSION = YES;
				CLANG_WARN_DIRECT_OBJC_ISA_USAGE = YES_ERROR;
				CLANG_WARN_EMPTY_BODY = YES;
				CLANG_WARN_ENUM_CONVERSION = YES;
				CLANG_WARN_INT_CONVERSION = YES;
				CLANG_WARN_OBJC_ROOT_CLASS = YES_ERROR;
				CLANG_WARN_UNREACHABLE_CODE = YES;
				CLANG_WARN__DUPLICATE_METHOD_MATCH = YES;
				"CODE_SIGN_IDENTITY[sdk=iphoneos*]" = "iPhone Developer";
				COPY_PHASE_STRIP = NO;
				DEBUG_INFORMATION_FORMAT = dwarf;
				ENABLE_STRICT_OBJC_MSGSEND = YES;
				ENABLE_TESTABILITY = YES;
				GCC_C_LANGUAGE_STANDARD = gnu99;
				GCC_DYNAMIC_NO_PIC = NO;
				GCC_NO_COMMON_BLOCKS = YES;
				GCC_OPTIMIZATION_LEVEL = 0;
				GCC_PREPROCESSOR_DEFINITIONS = (
					"DEBUG=1",
					"$(inherited)",
				);
				GCC_WARN_64_TO_32_BIT_CONVERSION = YES;
				GCC_WARN_ABOUT_RETURN_TYPE = YES_ERROR;
				GCC_WARN_UNDECLARED_SELECTOR = YES;
				GCC_WARN_UNINITIALIZED_AUTOS = YES_AGGRESSIVE;
				GCC_WARN_UNUSED_FUNCTION = YES;
				GCC_WARN_UNUSED_VARIABLE = YES;
				IPHONEOS_DEPLOYMENT_TARGET = 9.0;
				MTL_ENABLE_DEBUG_INFO = YES;
				ONLY_ACTIVE_ARCH = YES;
				SDKROOT = iphoneos;
				SWIFT_OPTIMIZATION_LEVEL = "-Onone";
				TARGETED_DEVICE_FAMILY = "1,2";
			};
			name = Debug;
		};
		509663C11BB6D35200AE987E /* Release */ = {
			isa = XCBuildConfiguration;
			buildSettings = {
				ALWAYS_SEARCH_USER_PATHS = NO;
				CLANG_CXX_LANGUAGE_STANDARD = "gnu++0x";
				CLANG_CXX_LIBRARY = "libc++";
				CLANG_ENABLE_MODULES = YES;
				CLANG_ENABLE_OBJC_ARC = YES;
				CLANG_WARN_BOOL_CONVERSION = YES;
				CLANG_WARN_CONSTANT_CONVERSION = YES;
				CLANG_WARN_DIRECT_OBJC_ISA_USAGE = YES_ERROR;
				CLANG_WARN_EMPTY_BODY = YES;
				CLANG_WARN_ENUM_CONVERSION = YES;
				CLANG_WARN_INT_CONVERSION = YES;
				CLANG_WARN_OBJC_ROOT_CLASS = YES_ERROR;
				CLANG_WARN_UNREACHABLE_CODE = YES;
				CLANG_WARN__DUPLICATE_METHOD_MATCH = YES;
				"CODE_SIGN_IDENTITY[sdk=iphoneos*]" = "iPhone Developer";
				COPY_PHASE_STRIP = NO;
				DEBUG_INFORMATION_FORMAT = "dwarf-with-dsym";
				ENABLE_NS_ASSERTIONS = NO;
				ENABLE_STRICT_OBJC_MSGSEND = YES;
				GCC_C_LANGUAGE_STANDARD = gnu99;
				GCC_NO_COMMON_BLOCKS = YES;
				GCC_WARN_64_TO_32_BIT_CONVERSION = YES;
				GCC_WARN_ABOUT_RETURN_TYPE = YES_ERROR;
				GCC_WARN_UNDECLARED_SELECTOR = YES;
				GCC_WARN_UNINITIALIZED_AUTOS = YES_AGGRESSIVE;
				GCC_WARN_UNUSED_FUNCTION = YES;
				GCC_WARN_UNUSED_VARIABLE = YES;
				IPHONEOS_DEPLOYMENT_TARGET = 9.0;
				MTL_ENABLE_DEBUG_INFO = NO;
				SDKROOT = iphoneos;
				TARGETED_DEVICE_FAMILY = "1,2";
				VALIDATE_PRODUCT = YES;
			};
			name = Release;
		};
		509663C31BB6D35200AE987E /* Debug */ = {
			isa = XCBuildConfiguration;
			buildSettings = {
				ASSETCATALOG_COMPILER_APPICON_NAME = AppIcon;
				ENABLE_BITCODE = NO;
				FRAMEWORK_SEARCH_PATHS = (
					"$(inherited)",
					"$(PROJECT_DIR)",
					"$(PROJECT_DIR)/P2Pay",
				);
				INFOPLIST_FILE = P2Pay/Info.plist;
				IPHONEOS_DEPLOYMENT_TARGET = 8.0;
				LD_RUNPATH_SEARCH_PATHS = "$(inherited) @executable_path/Frameworks";
				PRODUCT_BUNDLE_IDENTIFIER = "de.Bilal-Karim-Reffas.P2Pay";
				PRODUCT_NAME = "$(TARGET_NAME)";
				STRIP_BITCODE_FROM_COPIED_FILES = NO;
				SWIFT_OBJC_BRIDGING_HEADER = "P2Pay/P2Pay-Bridging-Header.h";
			};
			name = Debug;
		};
		509663C41BB6D35200AE987E /* Release */ = {
			isa = XCBuildConfiguration;
			buildSettings = {
				ASSETCATALOG_COMPILER_APPICON_NAME = AppIcon;
				ENABLE_BITCODE = NO;
				FRAMEWORK_SEARCH_PATHS = (
					"$(inherited)",
					"$(PROJECT_DIR)",
					"$(PROJECT_DIR)/P2Pay",
				);
				INFOPLIST_FILE = P2Pay/Info.plist;
				IPHONEOS_DEPLOYMENT_TARGET = 8.0;
				LD_RUNPATH_SEARCH_PATHS = "$(inherited) @executable_path/Frameworks";
				PRODUCT_BUNDLE_IDENTIFIER = "de.Bilal-Karim-Reffas.P2Pay";
				PRODUCT_NAME = "$(TARGET_NAME)";
				STRIP_BITCODE_FROM_COPIED_FILES = NO;
				SWIFT_OBJC_BRIDGING_HEADER = "P2Pay/P2Pay-Bridging-Header.h";
			};
			name = Release;
		};
		509663C61BB6D35200AE987E /* Debug */ = {
			isa = XCBuildConfiguration;
			buildSettings = {
				BUNDLE_LOADER = "$(TEST_HOST)";
				INFOPLIST_FILE = P2PayTests/Info.plist;
				LD_RUNPATH_SEARCH_PATHS = "$(inherited) @executable_path/Frameworks @loader_path/Frameworks";
				PRODUCT_BUNDLE_IDENTIFIER = "de.Bilal-Karim-Reffas..P2PayTests";
				PRODUCT_NAME = "$(TARGET_NAME)";
				TEST_HOST = "$(BUILT_PRODUCTS_DIR)/P2Pay.app/P2Pay";
			};
			name = Debug;
		};
		509663C71BB6D35200AE987E /* Release */ = {
			isa = XCBuildConfiguration;
			buildSettings = {
				BUNDLE_LOADER = "$(TEST_HOST)";
				INFOPLIST_FILE = P2PayTests/Info.plist;
				LD_RUNPATH_SEARCH_PATHS = "$(inherited) @executable_path/Frameworks @loader_path/Frameworks";
				PRODUCT_BUNDLE_IDENTIFIER = "de.Bilal-Karim-Reffas..P2PayTests";
				PRODUCT_NAME = "$(TARGET_NAME)";
				TEST_HOST = "$(BUILT_PRODUCTS_DIR)/P2Pay.app/P2Pay";
			};
			name = Release;
		};
		509663C91BB6D35200AE987E /* Debug */ = {
			isa = XCBuildConfiguration;
			buildSettings = {
				INFOPLIST_FILE = P2PayUITests/Info.plist;
				LD_RUNPATH_SEARCH_PATHS = "$(inherited) @executable_path/Frameworks @loader_path/Frameworks";
				PRODUCT_BUNDLE_IDENTIFIER = "de.Bilal-Karim-Reffas..P2PayUITests";
				PRODUCT_NAME = "$(TARGET_NAME)";
				TEST_TARGET_NAME = P2Pay;
				USES_XCTRUNNER = YES;
			};
			name = Debug;
		};
		509663CA1BB6D35200AE987E /* Release */ = {
			isa = XCBuildConfiguration;
			buildSettings = {
				INFOPLIST_FILE = P2PayUITests/Info.plist;
				LD_RUNPATH_SEARCH_PATHS = "$(inherited) @executable_path/Frameworks @loader_path/Frameworks";
				PRODUCT_BUNDLE_IDENTIFIER = "de.Bilal-Karim-Reffas..P2PayUITests";
				PRODUCT_NAME = "$(TARGET_NAME)";
				TEST_TARGET_NAME = P2Pay;
				USES_XCTRUNNER = YES;
			};
			name = Release;
		};
/* End XCBuildConfiguration section */

/* Begin XCConfigurationList section */
		509663951BB6D35200AE987E /* Build configuration list for PBXProject "P2Pay" */ = {
			isa = XCConfigurationList;
			buildConfigurations = (
				509663C01BB6D35200AE987E /* Debug */,
				509663C11BB6D35200AE987E /* Release */,
			);
			defaultConfigurationIsVisible = 0;
			defaultConfigurationName = Release;
		};
		509663C21BB6D35200AE987E /* Build configuration list for PBXNativeTarget "P2Pay" */ = {
			isa = XCConfigurationList;
			buildConfigurations = (
				509663C31BB6D35200AE987E /* Debug */,
				509663C41BB6D35200AE987E /* Release */,
			);
			defaultConfigurationIsVisible = 0;
			defaultConfigurationName = Release;
		};
		509663C51BB6D35200AE987E /* Build configuration list for PBXNativeTarget "P2PayTests" */ = {
			isa = XCConfigurationList;
			buildConfigurations = (
				509663C61BB6D35200AE987E /* Debug */,
				509663C71BB6D35200AE987E /* Release */,
			);
			defaultConfigurationIsVisible = 0;
			defaultConfigurationName = Release;
		};
		509663C81BB6D35200AE987E /* Build configuration list for PBXNativeTarget "P2PayUITests" */ = {
			isa = XCConfigurationList;
			buildConfigurations = (
				509663C91BB6D35200AE987E /* Debug */,
				509663CA1BB6D35200AE987E /* Release */,
			);
			defaultConfigurationIsVisible = 0;
			defaultConfigurationName = Release;
		};
/* End XCConfigurationList section */
	};
	rootObject = 509663921BB6D35200AE987E /* Project object */;
}
